
Microsoft Visual Studio Solution File, Format Version 12.00
# Visual Studio Version 16
VisualStudioVersion = 16.0.30804.86
MinimumVisualStudioVersion = 10.0.40219.1
Project("{F5034706-568F-408A-B7B3-4D38C6DB8A32}") = "ReleaseScripts", "ReleaseScripts\ReleaseScripts.pssproj", "{6CAFC0C6-A428-4D30-A9F9-700E829FEA51}"
EndProject
Project("{9A19103F-16F7-4668-BE54-9A1E7A4F7556}") = "Stutton.DocumentCreator.Core", "Stutton.DocumentCreator\Stutton.DocumentCreator.Core.csproj", "{EB5108CA-D198-46E8-B924-D47879923511}"
EndProject
Global
	GlobalSection(SolutionConfigurationPlatforms) = preSolution
		Debug|Any CPU = Debug|Any CPU
		Release|Any CPU = Release|Any CPU
	EndGlobalSection
	GlobalSection(ProjectConfigurationPlatforms) = postSolution
		{6CAFC0C6-A428-4D30-A9F9-700E829FEA51}.Debug|Any CPU.ActiveCfg = Debug|Any CPU
		{6CAFC0C6-A428-4D30-A9F9-700E829FEA51}.Debug|Any CPU.Build.0 = Debug|Any CPU
		{6CAFC0C6-A428-4D30-A9F9-700E829FEA51}.Release|Any CPU.ActiveCfg = Release|Any CPU
		{6CAFC0C6-A428-4D30-A9F9-700E829FEA51}.Release|Any CPU.Build.0 = Release|Any CPU
		{EB5108CA-D198-46E8-B924-D47879923511}.Debug|Any CPU.ActiveCfg = Debug|Any CPU
		{EB5108CA-D198-46E8-B924-D47879923511}.Debug|Any CPU.Build.0 = Debug|Any CPU
		{EB5108CA-D198-46E8-B924-D47879923511}.Release|Any CPU.ActiveCfg = Release|Any CPU
		{EB5108CA-D198-46E8-B924-D47879923511}.Release|Any CPU.Build.0 = Release|Any CPU
	EndGlobalSection
	GlobalSection(SolutionProperties) = preSolution
		HideSolutionNode = FALSE
	EndGlobalSection
	GlobalSection(ExtensibilityGlobals) = postSolution
		SolutionGuid = {95D59E29-834E-49AB-9532-4299C0319846}
	EndGlobalSection
EndGlobal
